
Microsoft Visual Studio Solution File, Format Version 12.00
# Visual Studio Version 17
VisualStudioVersion = 17.14.37502.11
MinimumVisualStudioVersion = 10.0.40219.1
Project("{FAE04EC0-301F-11D3-BF4B-00C04F79EFBC}") = "KamiYomu.ActionAgents.Core", "KamiYomu.ActionAgents.Core\KamiYomu.ActionAgents.Core.csproj", "{8178949D-0405-217F-A3DB-DDEE9E479792}"
EndProject
Project("{FAE04EC0-301F-11D3-BF4B-00C04F79EFBC}") = "KamiYomu.ActionAgents.Core.Tests", "KamiYomu.ActionAgents.Core.Tests\KamiYomu.ActionAgents.Core.Tests.csproj", "{ADB71A07-CEC1-4417-A2FB-E6A8643C5FB4}"
EndProject
Global
	GlobalSection(SolutionConfigurationPlatforms) = preSolution
		Debug|Any CPU = Debug|Any CPU
		Release|Any CPU = Release|Any CPU
	EndGlobalSection
	GlobalSection(ProjectConfigurationPlatforms) = postSolution
		{8178949D-0405-217F-A3DB-DDEE9E479792}.Debug|Any CPU.ActiveCfg = Debug|Any CPU
		{8178949D-0405-217F-A3DB-DDEE9E479792}.Debug|Any CPU.Build.0 = Debug|Any CPU
		{8178949D-0405-217F-A3DB-DDEE9E479792}.Release|Any CPU.ActiveCfg = Release|Any CPU
		{8178949D-0405-217F-A3DB-DDEE9E479792}.Release|Any CPU.Build.0 = Release|Any CPU
		{ADB71A07-CEC1-4417-A2FB-E6A8643C5FB4}.Debug|Any CPU.ActiveCfg = Debug|Any CPU
		{ADB71A07-CEC1-4417-A2FB-E6A8643C5FB4}.Debug|Any CPU.Build.0 = Debug|Any CPU
		{ADB71A07-CEC1-4417-A2FB-E6A8643C5FB4}.Release|Any CPU.ActiveCfg = Release|Any CPU
		{ADB71A07-CEC1-4417-A2FB-E6A8643C5FB4}.Release|Any CPU.Build.0 = Release|Any CPU
	EndGlobalSection
	GlobalSection(SolutionProperties) = preSolution
		HideSolutionNode = FALSE
	EndGlobalSection
	GlobalSection(ExtensibilityGlobals) = postSolution
		SolutionGuid = {D3F99E86-F175-4DF4-A954-C469AC312CC3}
	EndGlobalSection
EndGlobal
